
Microsoft Visual Studio Solution File, Format Version 12.00
# Visual Studio Version 16
VisualStudioVersion = 16.0.31005.135
MinimumVisualStudioVersion = 10.0.40219.1
Project("{FAE04EC0-301F-11D3-BF4B-00C04F79EFBC}") = "Lab4_Task1", "Lab4_Task1\Lab4_Task1.csproj", "{2027FB0B-3DD1-42B3-82D6-FFDF53DA8E6C}"
EndProject
Global
	GlobalSection(SolutionConfigurationPlatforms) = preSolution
		Debug|Any CPU = Debug|Any CPU
		Release|Any CPU = Release|Any CPU
	EndGlobalSection
	GlobalSection(ProjectConfigurationPlatforms) = postSolution
		{2027FB0B-3DD1-42B3-82D6-FFDF53DA8E6C}.Debug|Any CPU.ActiveCfg = Debug|Any CPU
		{2027FB0B-3DD1-42B3-82D6-FFDF53DA8E6C}.Debug|Any CPU.Build.0 = Debug|Any CPU
		{2027FB0B-3DD1-42B3-82D6-FFDF53DA8E6C}.Release|Any CPU.ActiveCfg = Release|Any CPU
		{2027FB0B-3DD1-42B3-82D6-FFDF53DA8E6C}.Release|Any CPU.Build.0 = Release|Any CPU
	EndGlobalSection
	GlobalSection(SolutionProperties) = preSolution
		HideSolutionNode = FALSE
	EndGlobalSection
	GlobalSection(ExtensibilityGlobals) = postSolution
		SolutionGuid = {8AAEAE07-3C02-4AFB-8165-3D2F2E3F92AE}
	EndGlobalSection
EndGlobal
